lockfileVersion: 5.4

importers:

  .:
    specifiers:
      monaco-editor: ^0.34.0
    dependencies:
      monaco-editor: 0.34.1

packages:

  /monaco-editor/0.34.1:
    resolution: {integrity: sha512-FKc80TyiMaruhJKKPz5SpJPIjL+dflGvz4CpuThaPMc94AyN7SeC9HQ8hrvaxX7EyHdJcUY5i4D0gNyJj1vSZQ==}
    dev: false
