{
  "name": "demo",
  "version": "1.0.0",
  "lockfileVersion": 1,
  "requires": true,
  "dependencies": {
    "@micro-zoe/micro-app": {
      "version": "0.4.3",
      "resolved": "https://registry.npmmirror.com/@micro-zoe/micro-app/download/@micro-zoe/micro-app-0.4.3.tgz",
      "integrity": "sha1-xoZhQLzrt4hzHjrMV1e1GXmD0co="
    },
    "typescript": {
      "version": "4.4.4",
      "resolved": "https://registry.npmmirror.com/typescript/download/typescript-4.4.4.tgz",
      "integrity": "sha1-LNAaGh8WBwTTEB/VpY/w+fy4Aww="
    }
  }
}
